
Microsoft Visual Studio Solution File, Format Version 12.00
# Visual Studio Version 17
VisualStudioVersion = 17.13.35825.156 d17.13
MinimumVisualStudioVersion = 10.0.40219.1
Project("{FAE04EC0-301F-11D3-BF4B-00C04F79EFBC}") = "Chat", "Chat\Chat.csproj", "{E66BEF3E-3B68-4624-9C75-50765A601E76}"
EndProject
Global
	GlobalSection(SolutionConfigurationPlatforms) = preSolution
		Debug|Any CPU = Debug|Any CPU
		Release|Any CPU = Release|Any CPU
	EndGlobalSection
	GlobalSection(ProjectConfigurationPlatforms) = postSolution
		{E66BEF3E-3B68-4624-9C75-50765A601E76}.Debug|Any CPU.ActiveCfg = Debug|Any CPU
		{E66BEF3E-3B68-4624-9C75-50765A601E76}.Debug|Any CPU.Build.0 = Debug|Any CPU
		{E66BEF3E-3B68-4624-9C75-50765A601E76}.Release|Any CPU.ActiveCfg = Release|Any CPU
		{E66BEF3E-3B68-4624-9C75-50765A601E76}.Release|Any CPU.Build.0 = Release|Any CPU
	EndGlobalSection
	GlobalSection(SolutionProperties) = preSolution
		HideSolutionNode = FALSE
	EndGlobalSection
	GlobalSection(ExtensibilityGlobals) = postSolution
		SolutionGuid = {84A1B15D-C421-491F-BCD8-0204372663BE}
	EndGlobalSection
EndGlobal
